
Microsoft Visual Studio Solution File, Format Version 12.00
# Visual Studio 2012
Project("{FAE04EC0-301F-11D3-BF4B-00C04F79EFBC}") = "Assignment1", ".\Assignment1\Assignment1.csproj", "{7E834499-BE59-4FE8-9DA6-6CB71FC46F02}"
EndProject
Project("{FAE04EC0-301F-11D3-BF4B-00C04F79EFBC}") = "PrimsAlgorithm", ".\PrimsAlgorithm\PrimsAlgorithm.csproj", "{8D9568E2-D5D9-42FC-8B60-3FAC5C53281E}"
EndProject
Global
	GlobalSection(SolutionConfigurationPlatforms) = preSolution
		Debug|Any CPU = Debug|Any CPU
		Release|Any CPU = Release|Any CPU
	EndGlobalSection
	GlobalSection(ProjectConfigurationPlatforms) = postSolution
		{7E834499-BE59-4FE8-9DA6-6CB71FC46F02}.Debug|Any CPU.ActiveCfg = Debug|Any CPU
		{7E834499-BE59-4FE8-9DA6-6CB71FC46F02}.Debug|Any CPU.Build.0 = Debug|Any CPU
		{7E834499-BE59-4FE8-9DA6-6CB71FC46F02}.Release|Any CPU.ActiveCfg = Release|Any CPU
		{7E834499-BE59-4FE8-9DA6-6CB71FC46F02}.Release|Any CPU.Build.0 = Release|Any CPU
		{8D9568E2-D5D9-42FC-8B60-3FAC5C53281E}.Debug|Any CPU.ActiveCfg = Debug|Any CPU
		{8D9568E2-D5D9-42FC-8B60-3FAC5C53281E}.Debug|Any CPU.Build.0 = Debug|Any CPU
		{8D9568E2-D5D9-42FC-8B60-3FAC5C53281E}.Release|Any CPU.ActiveCfg = Release|Any CPU
		{8D9568E2-D5D9-42FC-8B60-3FAC5C53281E}.Release|Any CPU.Build.0 = Release|Any CPU
	EndGlobalSection
	GlobalSection(SolutionProperties) = preSolution
		HideSolutionNode = FALSE
	EndGlobalSection
EndGlobal
